# Copyright (C) 1991-2008 Altera Corporation
# Your use of Altera Corporation's design tools, logic functions 
# and other software and tools, and its AMPP partner logic 
# functions, and any output files from any of the foregoing 
# (including device programming or simulation files), and any 
# associated documentation or information are expressly subject 
# to the terms and conditions of the Altera Program License 
# Subscription Agreement, Altera MegaCore Function License 
# Agreement, or other applicable license agreement, including, 
# without limitation, that your use is for the sole purpose of 
# programming logic devices manufactured by Altera and sold by 
# Altera or its authorized distributors.  Please refer to the 
# applicable agreement for further details.


# The default values for assignments are stored in the file
#		test1_assignment_defaults.qdf
# If this file doesn't exist, and for assignments not listed, see file
#		assignment_defaults.qdf

# Altera recommends that you do not modify this file. This
# file is updated automatically by the Quartus II software
# and any changes you make may be lost or overwritten.


set_global_assignment -name FAMILY "Cyclone II"
set_global_assignment -name DEVICE EP2C20Q240C8
set_global_assignment -name TOP_LEVEL_ENTITY top_ge
set_global_assignment -name ORIGINAL_QUARTUS_VERSION 8.0
set_global_assignment -name PROJECT_CREATION_TIME_DATE "14:00:28  MAY 19, 2012"
set_global_assignment -name LAST_QUARTUS_VERSION 8.0
set_global_assignment -name USE_GENERATED_PHYSICAL_CONSTRAINTS OFF -section_id eda_palace
set_global_assignment -name DEVICE_FILTER_PIN_COUNT 240
set_global_assignment -name USE_CONFIGURATION_DEVICE ON
set_global_assignment -name STRATIX_DEVICE_IO_STANDARD "3.3-V LVTTL"
set_location_assignment PIN_230 -to b[2]
set_location_assignment PIN_228 -to b[1]
set_location_assignment PIN_226 -to b[0]
set_location_assignment PIN_210 -to clock
set_location_assignment PIN_233 -to g[2]
set_location_assignment PIN_232 -to g[1]
set_location_assignment PIN_231 -to g[0]
set_location_assignment PIN_237 -to hs
set_location_assignment PIN_236 -to r[2]
set_location_assignment PIN_235 -to r[1]
set_location_assignment PIN_234 -to r[0]
set_location_assignment PIN_153 -to reset
set_location_assignment PIN_238 -to vs
set_location_assignment PIN_170 -to seg_0[6]
set_location_assignment PIN_171 -to seg_0[5]
set_location_assignment PIN_173 -to seg_0[4]
set_location_assignment PIN_174 -to seg_0[3]
set_location_assignment PIN_175 -to seg_0[2]
set_location_assignment PIN_177 -to seg_0[1]
set_location_assignment PIN_178 -to seg_0[0]
set_location_assignment PIN_161 -to seg_1[6]
set_location_assignment PIN_162 -to seg_1[5]
set_location_assignment PIN_164 -to seg_1[4]
set_location_assignment PIN_165 -to seg_1[3]
set_location_assignment PIN_166 -to seg_1[2]
set_location_assignment PIN_167 -to seg_1[1]
set_location_assignment PIN_168 -to seg_1[0]
set_location_assignment PIN_141 -to seg_2[6]
set_location_assignment PIN_149 -to seg_2[5]
set_location_assignment PIN_150 -to seg_2[4]
set_location_assignment PIN_155 -to seg_2[3]
set_location_assignment PIN_156 -to seg_2[2]
set_location_assignment PIN_157 -to seg_2[1]
set_location_assignment PIN_159 -to seg_2[0]
set_location_assignment PIN_132 -to seg_3[6]
set_location_assignment PIN_134 -to seg_3[5]
set_location_assignment PIN_135 -to seg_3[4]
set_location_assignment PIN_136 -to seg_3[3]
set_location_assignment PIN_137 -to seg_3[2]
set_location_assignment PIN_139 -to seg_3[1]
set_location_assignment PIN_140 -to seg_3[0]
set_location_assignment PIN_130 -to seg_4[1]
set_location_assignment PIN_131 -to seg_4[0]
set_location_assignment PIN_128 -to seg_4[2]
set_location_assignment PIN_116 -to seg_4[6]
set_location_assignment PIN_117 -to seg_4[5]
set_location_assignment PIN_118 -to seg_4[4]
set_location_assignment PIN_184 -to seg_4[3]
set_location_assignment PIN_105 -to seg_5[6]
set_location_assignment PIN_106 -to seg_5[5]
set_location_assignment PIN_109 -to seg_5[4]
set_location_assignment PIN_110 -to seg_5[3]
set_location_assignment PIN_111 -to seg_5[2]
set_location_assignment PIN_113 -to seg_5[1]
set_location_assignment PIN_114 -to seg_5[0]
set_location_assignment PIN_78 -to seg_6[6]
set_location_assignment PIN_79 -to seg_6[5]
set_location_assignment PIN_80 -to seg_6[4]
set_location_assignment PIN_84 -to seg_6[3]
set_location_assignment PIN_86 -to seg_6[2]
set_location_assignment PIN_87 -to seg_6[1]
set_location_assignment PIN_88 -to seg_6[0]
set_location_assignment PIN_208 -to seg_7[6]
set_location_assignment PIN_203 -to seg_7[5]
set_location_assignment PIN_200 -to seg_7[4]
set_location_assignment PIN_68 -to seg_7[3]
set_location_assignment PIN_70 -to seg_7[2]
set_location_assignment PIN_72 -to seg_7[1]
set_location_assignment PIN_73 -to seg_7[0]
set_location_assignment PIN_100 -to key[3]
set_location_assignment PIN_90 -to key[2]
set_location_assignment PIN_97 -to key[1]
set_location_assignment PIN_96 -to key[0]
set_global_assignment -name VHDL_FILE top.vhd
set_global_assignment -name VHDL_FILE Keyboard.vhd
set_global_assignment -name VHDL_FILE digital_rom.vhd
set_global_assignment -name SOURCE_FILE ram_gpu.cmp
set_global_assignment -name SOURCE_FILE ram_templet.cmp
set_global_assignment -name SOURCE_FILE ram_tprog.cmp
set_global_assignment -name VHDL_FILE seg7.vhd
set_global_assignment -name SOURCE_FILE v_rom.cmp
set_global_assignment -name QIP_FILE v_rom.qip
set_global_assignment -name VHDL_FILE v_rom.vhd
set_global_assignment -name VHDL_FILE vga_640480.vhd
set_global_assignment -name VHDL_FILE vga_rom.vhd
set_global_assignment -name VHDL_FILE counting_device.vhd
set_global_assignment -name VHDL_FILE register_split.vhd
set_global_assignment -name VHDL_FILE register_device.vhd
set_global_assignment -name VHDL_FILE alu.vhd
set_global_assignment -name VHDL_FILE jump.vhd
set_global_assignment -name QIP_FILE ram_templet.qip
set_global_assignment -name VHDL_FILE ram_data.vhd
set_global_assignment -name QIP_FILE ram_tprog.qip
set_global_assignment -name VHDL_FILE ram_prog.vhd
set_global_assignment -name QIP_FILE ram_gpu.qip
set_global_assignment -name VHDL_FILE ram_gpu_d.vhd
set_global_assignment -name VHDL_FILE cpu.vhd
set_location_assignment PIN_195 -to filter_clock
set_location_assignment PIN_194 -to keyboard
set_global_assignment -name VHDL_FILE top_ge.vhd
set_global_assignment -name PARTITION_NETLIST_TYPE SOURCE -section_id Top
set_global_assignment -name PARTITION_COLOR 14622752 -section_id Top
set_global_assignment -name LL_ROOT_REGION ON -section_id "Root Region"
set_global_assignment -name LL_MEMBER_STATE LOCKED -section_id "Root Region"
set_instance_assignment -name PARTITION_HIERARCHY root_partition -to | -section_id Top